
Microsoft Visual Studio Solution File, Format Version 12.00
# Visual Studio 2013
VisualStudioVersion = 12.0.21005.1
MinimumVisualStudioVersion = 10.0.40219.1
Project("{FAE04EC0-301F-11D3-BF4B-00C04F79EFBC}") = "RandomNameGenerator", "RandomNameGenerator\RandomNameGenerator.csproj", "{DD9FF3D1-1C92-4E85-BE0D-4ADCF54235F6}"
EndProject
Project("{FAE04EC0-301F-11D3-BF4B-00C04F79EFBC}") = "RandomNameGeneratorTests", "RandomNameGeneratorTests\RandomNameGeneratorTests.csproj", "{280C5B27-238A-490E-BC1E-E668DB6F3495}"
EndProject
Global
	GlobalSection(SolutionConfigurationPlatforms) = preSolution
		Debug|Any CPU = Debug|Any CPU
		Release|Any CPU = Release|Any CPU
	EndGlobalSection
	GlobalSection(ProjectConfigurationPlatforms) = postSolution
		{DD9FF3D1-1C92-4E85-BE0D-4ADCF54235F6}.Debug|Any CPU.ActiveCfg = Debug|Any CPU
		{DD9FF3D1-1C92-4E85-BE0D-4ADCF54235F6}.Debug|Any CPU.Build.0 = Debug|Any CPU
		{DD9FF3D1-1C92-4E85-BE0D-4ADCF54235F6}.Release|Any CPU.ActiveCfg = Release|Any CPU
		{DD9FF3D1-1C92-4E85-BE0D-4ADCF54235F6}.Release|Any CPU.Build.0 = Release|Any CPU
		{280C5B27-238A-490E-BC1E-E668DB6F3495}.Debug|Any CPU.ActiveCfg = Debug|Any CPU
		{280C5B27-238A-490E-BC1E-E668DB6F3495}.Debug|Any CPU.Build.0 = Debug|Any CPU
		{280C5B27-238A-490E-BC1E-E668DB6F3495}.Release|Any CPU.ActiveCfg = Release|Any CPU
		{280C5B27-238A-490E-BC1E-E668DB6F3495}.Release|Any CPU.Build.0 = Release|Any CPU
	EndGlobalSection
	GlobalSection(SolutionProperties) = preSolution
		HideSolutionNode = FALSE
	EndGlobalSection
EndGlobal
